
Microsoft Visual Studio Solution File, Format Version 12.00
# Visual Studio 15
VisualStudioVersion = 15.0.27004.2008
MinimumVisualStudioVersion = 10.0.40219.1
Project("{8BC9CEB8-8B4A-11D0-8D11-00A0C91BC942}") = "Test", "Test\Test.vcxproj", "{87214AEC-6D0E-467A-B973-4CC68F8D7EAA}"
EndProject
Global
	GlobalSection(SolutionConfigurationPlatforms) = preSolution
		Debug|x64 = Debug|x64
		Debug|x86 = Debug|x86
		Release|x64 = Release|x64
		Release|x86 = Release|x86
	EndGlobalSection
	GlobalSection(ProjectConfigurationPlatforms) = postSolution
		{87214AEC-6D0E-467A-B973-4CC68F8D7EAA}.Debug|x64.ActiveCfg = Debug|x64
		{87214AEC-6D0E-467A-B973-4CC68F8D7EAA}.Debug|x64.Build.0 = Debug|x64
		{87214AEC-6D0E-467A-B973-4CC68F8D7EAA}.Debug|x86.ActiveCfg = Debug|Win32
		{87214AEC-6D0E-467A-B973-4CC68F8D7EAA}.Debug|x86.Build.0 = Debug|Win32
		{87214AEC-6D0E-467A-B973-4CC68F8D7EAA}.Release|x64.ActiveCfg = Release|x64
		{87214AEC-6D0E-467A-B973-4CC68F8D7EAA}.Release|x64.Build.0 = Release|x64
		{87214AEC-6D0E-467A-B973-4CC68F8D7EAA}.Release|x86.ActiveCfg = Release|Win32
		{87214AEC-6D0E-467A-B973-4CC68F8D7EAA}.Release|x86.Build.0 = Release|Win32
	EndGlobalSection
	GlobalSection(SolutionProperties) = preSolution
		HideSolutionNode = FALSE
	EndGlobalSection
	GlobalSection(ExtensibilityGlobals) = postSolution
		SolutionGuid = {C12F8335-CAD6-4635-B9B9-ADAD33F15980}
	EndGlobalSection
EndGlobal
